
Microsoft Visual Studio Solution File, Format Version 12.00
# Visual Studio Version 16
VisualStudioVersion = 16.0.31624.102
MinimumVisualStudioVersion = 10.0.40219.1
Project("{FAE04EC0-301F-11D3-BF4B-00C04F79EFBC}") = "AtomicHabitsAPI", "AtomicHabitsAPI.csproj", "{977B8614-AC57-4DC6-9F17-8FC44C2A20E5}"
EndProject
Global
	GlobalSection(SolutionConfigurationPlatforms) = preSolution
		Debug|Any CPU = Debug|Any CPU
		Release|Any CPU = Release|Any CPU
	EndGlobalSection
	GlobalSection(ProjectConfigurationPlatforms) = postSolution
		{977B8614-AC57-4DC6-9F17-8FC44C2A20E5}.Debug|Any CPU.ActiveCfg = Debug|Any CPU
		{977B8614-AC57-4DC6-9F17-8FC44C2A20E5}.Debug|Any CPU.Build.0 = Debug|Any CPU
		{977B8614-AC57-4DC6-9F17-8FC44C2A20E5}.Release|Any CPU.ActiveCfg = Release|Any CPU
		{977B8614-AC57-4DC6-9F17-8FC44C2A20E5}.Release|Any CPU.Build.0 = Release|Any CPU
	EndGlobalSection
	GlobalSection(SolutionProperties) = preSolution
		HideSolutionNode = FALSE
	EndGlobalSection
	GlobalSection(ExtensibilityGlobals) = postSolution
		SolutionGuid = {1FE1D985-5C31-4DA7-B38F-FFF79B0B4662}
	EndGlobalSection
EndGlobal
